// !$*UTF8*$!
{
	archiveVersion = 1;
	classes = {
	};
	objectVersion = 50;
	objects = {

/* Begin PBXBuildFile section */
		FE0769DB211C284F004ABC5A /* AppDelegate.m in Sources */ = {isa = PBXBuildFile; fileRef = FE0769DA211C284F004ABC5A /* AppDelegate.m */; };
		FE0769DE211C284F004ABC5A /* ViewController.m in Sources */ = {isa = PBXBuildFile; fileRef = FE0769DD211C284F004ABC5A /* ViewController.m */; };
		FE0769E1211C284F004ABC5A /* Main.storyboard in Resources */ = {isa = PBXBuildFile; fileRef = FE0769DF211C284F004ABC5A /* Main.storyboard */; };
		FE0769E3211C2850004ABC5A /* Assets.xcassets in Resources */ = {isa = PBXBuildFile; fileRef = FE0769E2211C2850004ABC5A /* Assets.xcassets */; };
		FE0769E6211C2850004ABC5A /* LaunchScreen.storyboard in Resources */ = {isa = PBXBuildFile; fileRef = FE0769E4211C2850004ABC5A /* LaunchScreen.storyboard */; };
		FE0769E9211C2850004ABC5A /* main.m in Sources */ = {isa = PBXBuildFile; fileRef = FE0769E8211C2850004ABC5A /* main.m */; };
		FE0769F1211C3DF9004ABC5A /* PeripheralViewController.m in Sources */ = {isa = PBXBuildFile; fileRef = FE0769EF211C3DF9004ABC5A /* PeripheralViewController.m */; };
		FE0769F421215C7D004ABC5A /* CentralViewController.m in Sources */ = {isa = PBXBuildFile; fileRef = FE0769F321215C7D004ABC5A /* CentralViewController.m */; };
		FE14C9E021242D4B000FFF79 /* BeaconViewController.m in Sources */ = {isa = PBXBuildFile; fileRef = FE14C9DF21242D4B000FFF79 /* BeaconViewController.m */; };
		FE14C9E3212432C9000FFF79 /* ScanViewController.m in Sources */ = {isa = PBXBuildFile; fileRef = FE14C9E2212432C9000FFF79 /* ScanViewController.m */; };
/* End PBXBuildFile section */

/* Begin PBXFileReference section */
		FE0769D6211C284F004ABC5A /* BeaconiOS.app */ = {isa = PBXFileReference; explicitFileType = wrapper.application; includeInIndex = 0; path = BeaconiOS.app; sourceTree = BUILT_PRODUCTS_DIR; };
		FE0769D9211C284F004ABC5A /* AppDelegate.h */ = {isa = PBXFileReference; lastKnownFileType = sourcecode.c.h; path = AppDelegate.h; sourceTree = "<group>"; };
		FE0769DA211C284F004ABC5A /* AppDelegate.m */ = {isa = PBXFileReference; lastKnownFileType = sourcecode.c.objc; path = AppDelegate.m; sourceTree = "<group>"; };
		FE0769DC211C284F004ABC5A /* ViewController.h */ = {isa = PBXFileReference; lastKnownFileType = sourcecode.c.h; path = ViewController.h; sourceTree = "<group>"; };
		FE0769DD211C284F004ABC5A /* ViewController.m */ = {isa = PBXFileReference; lastKnownFileType = sourcecode.c.objc; path = ViewController.m; sourceTree = "<group>"; };
		FE0769E0211C284F004ABC5A /* Base */ = {isa = PBXFileReference; lastKnownFileType = file.storyboard; name = Base; path = Base.lproj/Main.storyboard; sourceTree = "<group>"; };
		FE0769E2211C2850004ABC5A /* Assets.xcassets */ = {isa = PBXFileReference; lastKnownFileType = folder.assetcatalog; path = Assets.xcassets; sourceTree = "<group>"; };
		FE0769E5211C2850004ABC5A /* Base */ = {isa = PBXFileReference; lastKnownFileType = file.storyboard; name = Base; path = Base.lproj/LaunchScreen.storyboard; sourceTree = "<group>"; };
		FE0769E7211C2850004ABC5A /* Info.plist */ = {isa = PBXFileReference; lastKnownFileType = text.plist.xml; path = Info.plist; sourceTree = "<group>"; };
		FE0769E8211C2850004ABC5A /* main.m */ = {isa = PBXFileReference; lastKnownFileType = sourcecode.c.objc; path = main.m; sourceTree = "<group>"; };
		FE0769EF211C3DF9004ABC5A /* PeripheralViewController.m */ = {isa = PBXFileReference; fileEncoding = 4; lastKnownFileType = sourcecode.c.objc; path = PeripheralViewController.m; sourceTree = "<group>"; };
		FE0769F0211C3DF9004ABC5A /* PeripheralViewController.h */ = {isa = PBXFileReference; fileEncoding = 4; lastKnownFileType = sourcecode.c.h; path = PeripheralViewController.h; sourceTree = "<group>"; };
		FE0769F221215C7D004ABC5A /* CentralViewController.h */ = {isa = PBXFileReference; lastKnownFileType = sourcecode.c.h; path = CentralViewController.h; sourceTree = "<group>"; };
		FE0769F321215C7D004ABC5A /* CentralViewController.m */ = {isa = PBXFileReference; lastKnownFileType = sourcecode.c.objc; path = CentralViewController.m; sourceTree = "<group>"; };
		FE14C9DE21242D4B000FFF79 /* BeaconViewController.h */ = {isa = PBXFileReference; lastKnownFileType = sourcecode.c.h; path = BeaconViewController.h; sourceTree = "<group>"; };
		FE14C9DF21242D4B000FFF79 /* BeaconViewController.m */ = {isa = PBXFileReference; lastKnownFileType = sourcecode.c.objc; path = BeaconViewController.m; sourceTree = "<group>"; };
		FE14C9E1212432C9000FFF79 /* ScanViewController.h */ = {isa = PBXFileReference; fileEncoding = 4; lastKnownFileType = sourcecode.c.h; path = ScanViewController.h; sourceTree = "<group>"; };
		FE14C9E2212432C9000FFF79 /* ScanViewController.m */ = {isa = PBXFileReference; fileEncoding = 4; lastKnownFileType = sourcecode.c.objc; path = ScanViewController.m; sourceTree = "<group>"; };
/* End PBXFileReference section */

/* Begin PBXFrameworksBuildPhase section */
		FE0769D3211C284F004ABC5A /* Frameworks */ = {
			isa = PBXFrameworksBuildPhase;
			buildActionMask = 2147483647;
			files = (
			);
			runOnlyForDeploymentPostprocessing = 0;
		};
/* End PBXFrameworksBuildPhase section */

/* Begin PBXGroup section */
		FE0769CD211C284F004ABC5A = {
			isa = PBXGroup;
			children = (
				FE0769D8211C284F004ABC5A /* BeaconiOS */,
				FE0769D7211C284F004ABC5A /* Products */,
			);
			sourceTree = "<group>";
		};
		FE0769D7211C284F004ABC5A /* Products */ = {
			isa = PBXGroup;
			children = (
				FE0769D6211C284F004ABC5A /* BeaconiOS.app */,
			);
			name = Products;
			sourceTree = "<group>";
		};
		FE0769D8211C284F004ABC5A /* BeaconiOS */ = {
			isa = PBXGroup;
			children = (
				FE0769D9211C284F004ABC5A /* AppDelegate.h */,
				FE0769DA211C284F004ABC5A /* AppDelegate.m */,
				FE0769DC211C284F004ABC5A /* ViewController.h */,
				FE0769DD211C284F004ABC5A /* ViewController.m */,
				FE0769F0211C3DF9004ABC5A /* PeripheralViewController.h */,
				FE0769EF211C3DF9004ABC5A /* PeripheralViewController.m */,
				FE0769F221215C7D004ABC5A /* CentralViewController.h */,
				FE0769F321215C7D004ABC5A /* CentralViewController.m */,
				FE14C9E1212432C9000FFF79 /* ScanViewController.h */,
				FE14C9E2212432C9000FFF79 /* ScanViewController.m */,
				FE14C9DE21242D4B000FFF79 /* BeaconViewController.h */,
				FE14C9DF21242D4B000FFF79 /* BeaconViewController.m */,
				FE0769DF211C284F004ABC5A /* Main.storyboard */,
				FE0769E2211C2850004ABC5A /* Assets.xcassets */,
				FE0769E4211C2850004ABC5A /* LaunchScreen.storyboard */,
				FE0769E7211C2850004ABC5A /* Info.plist */,
				FE0769E8211C2850004ABC5A /* main.m */,
			);
			path = BeaconiOS;
			sourceTree = "<group>";
		};
/* End PBXGroup section */

/* Begin PBXNativeTarget section */
		FE0769D5211C284F004ABC5A /* BeaconiOS */ = {
			isa = PBXNativeTarget;
			buildConfigurationList = FE0769EC211C2850004ABC5A /* Build configuration list for PBXNativeTarget "BeaconiOS" */;
			buildPhases = (
				FE0769D2211C284F004ABC5A /* Sources */,
				FE0769D3211C284F004ABC5A /* Frameworks */,
				FE0769D4211C284F004ABC5A /* Resources */,
			);
			buildRules = (
			);
			dependencies = (
			);
			name = BeaconiOS;
			productName = BeaconiOS;
			productReference = FE0769D6211C284F004ABC5A /* BeaconiOS.app */;
			productType = "com.apple.product-type.application";
		};
/* End PBXNativeTarget section */

/* Begin PBXProject section */
		FE0769CE211C284F004ABC5A /* Project object */ = {
			isa = PBXProject;
			attributes = {
				LastUpgradeCheck = 0940;
				ORGANIZATIONNAME = dongliyun;
				TargetAttributes = {
					FE0769D5211C284F004ABC5A = {
						CreatedOnToolsVersion = 9.4.1;
					};
				};
			};
			buildConfigurationList = FE0769D1211C284F004ABC5A /* Build configuration list for PBXProject "BeaconiOS" */;
			compatibilityVersion = "Xcode 9.3";
			developmentRegion = en;
			hasScannedForEncodings = 0;
			knownRegions = (
				en,
				Base,
			);
			mainGroup = FE0769CD211C284F004ABC5A;
			productRefGroup = FE0769D7211C284F004ABC5A /* Products */;
			projectDirPath = "";
			projectRoot = "";
			targets = (
				FE0769D5211C284F004ABC5A /* BeaconiOS */,
			);
		};
/* End PBXProject section */

/* Begin PBXResourcesBuildPhase section */
		FE0769D4211C284F004ABC5A /* Resources */ = {
			isa = PBXResourcesBuildPhase;
			buildActionMask = 2147483647;
			files = (
				FE0769E6211C2850004ABC5A /* LaunchScreen.storyboard in Resources */,
				FE0769E3211C2850004ABC5A /* Assets.xcassets in Resources */,
				FE0769E1211C284F004ABC5A /* Main.storyboard in Resources */,
			);
			runOnlyForDeploymentPostprocessing = 0;
		};
/* End PBXResourcesBuildPhase section */

/* Begin PBXSourcesBuildPhase section */
		FE0769D2211C284F004ABC5A /* Sources */ = {
			isa = PBXSourcesBuildPhase;
			buildActionMask = 2147483647;
			files = (
				FE0769F1211C3DF9004ABC5A /* PeripheralViewController.m in Sources */,
				FE0769DE211C284F004ABC5A /* ViewController.m in Sources */,
				FE14C9E021242D4B000FFF79 /* BeaconViewController.m in Sources */,
				FE0769E9211C2850004ABC5A /* main.m in Sources */,
				FE14C9E3212432C9000FFF79 /* ScanViewController.m in Sources */,
				FE0769DB211C284F004ABC5A /* AppDelegate.m in Sources */,
				FE0769F421215C7D004ABC5A /* CentralViewController.m in Sources */,
			);
			runOnlyForDeploymentPostprocessing = 0;
		};
/* End PBXSourcesBuildPhase section */

/* Begin PBXVariantGroup section */
		FE0769DF211C284F004ABC5A /* Main.storyboard */ = {
			isa = PBXVariantGroup;
			children = (
				FE0769E0211C284F004ABC5A /* Base */,
			);
			name = Main.storyboard;
			sourceTree = "<group>";
		};
		FE0769E4211C2850004ABC5A /* LaunchScreen.storyboard */ = {
			isa = PBXVariantGroup;
			children = (
				FE0769E5211C2850004ABC5A /* Base */,
			);
			name = LaunchScreen.storyboard;
			sourceTree = "<group>";
		};
/* End PBXVariantGroup section */

/* Begin XCBuildConfiguration section */
		FE0769EA211C2850004ABC5A /* Debug */ = {
			isa = XCBuildConfiguration;
			buildSettings = {
				ALWAYS_SEARCH_USER_PATHS = NO;
				CLANG_ANALYZER_NONNULL = YES;
				CLANG_ANALYZER_NUMBER_OBJECT_CONVERSION = YES_AGGRESSIVE;
				CLANG_CXX_LANGUAGE_STANDARD = "gnu++14";
				CLANG_CXX_LIBRARY = "libc++";
				CLANG_ENABLE_MODULES = YES;
				CLANG_ENABLE_OBJC_ARC = YES;
				CLANG_ENABLE_OBJC_WEAK = YES;
				CLANG_WARN_BLOCK_CAPTURE_AUTORELEASING = YES;
				CLANG_WARN_BOOL_CONVERSION = YES;
				CLANG_WARN_COMMA = YES;
				CLANG_WARN_CONSTANT_CONVERSION = YES;
				CLANG_WARN_DEPRECATED_OBJC_IMPLEMENTATIONS = YES;
				CLANG_WARN_DIRECT_OBJC_ISA_USAGE = YES_ERROR;
				CLANG_WARN_DOCUMENTATION_COMMENTS = YES;
				CLANG_WARN_EMPTY_BODY = YES;
				CLANG_WARN_ENUM_CONVERSION = YES;
				CLANG_WARN_INFINITE_RECURSION = YES;
				CLANG_WARN_INT_CONVERSION = YES;
				CLANG_WARN_NON_LITERAL_NULL_CONVERSION = YES;
				CLANG_WARN_OBJC_IMPLICIT_RETAIN_SELF = YES;
				CLANG_WARN_OBJC_LITERAL_CONVERSION = YES;
				CLANG_WARN_OBJC_ROOT_CLASS = YES_ERROR;
				CLANG_WARN_RANGE_LOOP_ANALYSIS = YES;
				CLANG_WARN_STRICT_PROTOTYPES = YES;
				CLANG_WARN_SUSPICIOUS_MOVE = YES;
				CLANG_WARN_UNGUARDED_AVAILABILITY = YES_AGGRESSIVE;
				CLANG_WARN_UNREACHABLE_CODE = YES;
				CLANG_WARN__DUPLICATE_METHOD_MATCH = YES;
				CODE_SIGN_IDENTITY = "iPhone Developer";
				COPY_PHASE_STRIP = NO;
				DEBUG_INFORMATION_FORMAT = dwarf;
				ENABLE_STRICT_OBJC_MSGSEND = YES;
				ENABLE_TESTABILITY = YES;
				GCC_C_LANGUAGE_STANDARD = gnu11;
				GCC_DYNAMIC_NO_PIC = NO;
				GCC_NO_COMMON_BLOCKS = YES;
				GCC_OPTIMIZATION_LEVEL = 0;
				GCC_PREPROCESSOR_DEFINITIONS = (
					"DEBUG=1",
					"$(inherited)",
				);
				GCC_WARN_64_TO_32_BIT_CONVERSION = YES;
				GCC_WARN_ABOUT_RETURN_TYPE = YES_ERROR;
				GCC_WARN_UNDECLARED_SELECTOR = YES;
				GCC_WARN_UNINITIALIZED_AUTOS = YES_AGGRESSIVE;
				GCC_WARN_UNUSED_FUNCTION = YES;
				GCC_WARN_UNUSED_VARIABLE = YES;
				IPHONEOS_DEPLOYMENT_TARGET = 11.4;
				MTL_ENABLE_DEBUG_INFO = YES;
				ONLY_ACTIVE_ARCH = YES;
				SDKROOT = iphoneos;
			};
			name = Debug;
		};
		FE0769EB211C2850004ABC5A /* Release */ = {
			isa = XCBuildConfiguration;
			buildSettings = {
				ALWAYS_SEARCH_USER_PATHS = NO;
				CLANG_ANALYZER_NONNULL = YES;
				CLANG_ANALYZER_NUMBER_OBJECT_CONVERSION = YES_AGGRESSIVE;
				CLANG_CXX_LANGUAGE_STANDARD = "gnu++14";
				CLANG_CXX_LIBRARY = "libc++";
				CLANG_ENABLE_MODULES = YES;
				CLANG_ENABLE_OBJC_ARC = YES;
				CLANG_ENABLE_OBJC_WEAK = YES;
				CLANG_WARN_BLOCK_CAPTURE_AUTORELEASING = YES;
				CLANG_WARN_BOOL_CONVERSION = YES;
				CLANG_WARN_COMMA = YES;
				CLANG_WARN_CONSTANT_CONVERSION = YES;
				CLANG_WARN_DEPRECATED_OBJC_IMPLEMENTATIONS = YES;
				CLANG_WARN_DIRECT_OBJC_ISA_USAGE = YES_ERROR;
				CLANG_WARN_DOCUMENTATION_COMMENTS = YES;
				CLANG_WARN_EMPTY_BODY = YES;
				CLANG_WARN_ENUM_CONVERSION = YES;
				CLANG_WARN_INFINITE_RECURSION = YES;
				CLANG_WARN_INT_CONVERSION = YES;
				CLANG_WARN_NON_LITERAL_NULL_CONVERSION = YES;
				CLANG_WARN_OBJC_IMPLICIT_RETAIN_SELF = YES;
				CLANG_WARN_OBJC_LITERAL_CONVERSION = YES;
				CLANG_WARN_OBJC_ROOT_CLASS = YES_ERROR;
				CLANG_WARN_RANGE_LOOP_ANALYSIS = YES;
				CLANG_WARN_STRICT_PROTOTYPES = YES;
				CLANG_WARN_SUSPICIOUS_MOVE = YES;
				CLANG_WARN_UNGUARDED_AVAILABILITY = YES_AGGRESSIVE;
				CLANG_WARN_UNREACHABLE_CODE = YES;
				CLANG_WARN__DUPLICATE_METHOD_MATCH = YES;
				CODE_SIGN_IDENTITY = "iPhone Developer";
				COPY_PHASE_STRIP = NO;
				DEBUG_INFORMATION_FORMAT = "dwarf-with-dsym";
				ENABLE_NS_ASSERTIONS = NO;
				ENABLE_STRICT_OBJC_MSGSEND = YES;
				GCC_C_LANGUAGE_STANDARD = gnu11;
				GCC_NO_COMMON_BLOCKS = YES;
				GCC_WARN_64_TO_32_BIT_CONVERSION = YES;
				GCC_WARN_ABOUT_RETURN_TYPE = YES_ERROR;
				GCC_WARN_UNDECLARED_SELECTOR = YES;
				GCC_WARN_UNINITIALIZED_AUTOS = YES_AGGRESSIVE;
				GCC_WARN_UNUSED_FUNCTION = YES;
				GCC_WARN_UNUSED_VARIABLE = YES;
				IPHONEOS_DEPLOYMENT_TARGET = 11.4;
				MTL_ENABLE_DEBUG_INFO = NO;
				SDKROOT = iphoneos;
				VALIDATE_PRODUCT = YES;
			};
			name = Release;
		};
		FE0769ED211C2850004ABC5A /* Debug */ = {
			isa = XCBuildConfiguration;
			buildSettings = {
				ASSETCATALOG_COMPILER_APPICON_NAME = AppIcon;
				CODE_SIGN_STYLE = Automatic;
				DEVELOPMENT_TEAM = R7JK4K8BX9;
				INFOPLIST_FILE = BeaconiOS/Info.plist;
				LD_RUNPATH_SEARCH_PATHS = (
					"$(inherited)",
					"@executable_path/Frameworks",
				);
				PRODUCT_BUNDLE_IDENTIFIER = dly.BeaconiOS;
				PRODUCT_NAME = "$(TARGET_NAME)";
				TARGETED_DEVICE_FAMILY = "1,2";
			};
			name = Debug;
		};
		FE0769EE211C2850004ABC5A /* Release */ = {
			isa = XCBuildConfiguration;
			buildSettings = {
				ASSETCATALOG_COMPILER_APPICON_NAME = AppIcon;
				CODE_SIGN_STYLE = Automatic;
				DEVELOPMENT_TEAM = R7JK4K8BX9;
				INFOPLIST_FILE = BeaconiOS/Info.plist;
				LD_RUNPATH_SEARCH_PATHS = (
					"$(inherited)",
					"@executable_path/Frameworks",
				);
				PRODUCT_BUNDLE_IDENTIFIER = dly.BeaconiOS;
				PRODUCT_NAME = "$(TARGET_NAME)";
				TARGETED_DEVICE_FAMILY = "1,2";
			};
			name = Release;
		};
/* End XCBuildConfiguration section */

/* Begin XCConfigurationList section */
		FE0769D1211C284F004ABC5A /* Build configuration list for PBXProject "BeaconiOS" */ = {
			isa = XCConfigurationList;
			buildConfigurations = (
				FE0769EA211C2850004ABC5A /* Debug */,
				FE0769EB211C2850004ABC5A /* Release */,
			);
			defaultConfigurationIsVisible = 0;
			defaultConfigurationName = Release;
		};
		FE0769EC211C2850004ABC5A /* Build configuration list for PBXNativeTarget "BeaconiOS" */ = {
			isa = XCConfigurationList;
			buildConfigurations = (
				FE0769ED211C2850004ABC5A /* Debug */,
				FE0769EE211C2850004ABC5A /* Release */,
			);
			defaultConfigurationIsVisible = 0;
			defaultConfigurationName = Release;
		};
/* End XCConfigurationList section */
	};
	rootObject = FE0769CE211C284F004ABC5A /* Project object */;
}
